
Microsoft Visual Studio Solution File, Format Version 12.00
# Visual Studio Version 16
VisualStudioVersion = 25.0.1704.4
MinimumVisualStudioVersion = 10.0.40219.1
Project("{FAE04EC0-301F-11D3-BF4B-00C04F79EFBC}") = "task1", "task1\task1.csproj", "{23871B24-478A-4A81-8514-97D4394A0656}"
EndProject
Project("{FAE04EC0-301F-11D3-BF4B-00C04F79EFBC}") = "task2", "task2\task2.csproj", "{7D4A0D60-2446-44CB-B1FE-E7208A7EB780}"
EndProject
Project("{FAE04EC0-301F-11D3-BF4B-00C04F79EFBC}") = "task3", "task3\task3.csproj", "{2BC9D5D9-ED3C-4E09-804E-E924A2D4A12A}"
EndProject
Project("{FAE04EC0-301F-11D3-BF4B-00C04F79EFBC}") = "task4", "task4\task4.csproj", "{6BFC6D9B-85EE-4BDF-B495-52EDACF1C8A3}"
EndProject
Project("{FAE04EC0-301F-11D3-BF4B-00C04F79EFBC}") = "task5", "task5\task5.csproj", "{C6F8A19B-11D0-44AC-8147-DCFD9D7C5DEB}"
EndProject
Project("{FAE04EC0-301F-11D3-BF4B-00C04F79EFBC}") = "task6", "task6\task6.csproj", "{40CC07D3-7DB4-4FD4-9036-4463A75AB4B5}"
EndProject
Project("{FAE04EC0-301F-11D3-BF4B-00C04F79EFBC}") = "task7", "task7\task7.csproj", "{E9AB9A34-7CFF-4923-AF52-54CAE58E8F7E}"
EndProject
Global
	GlobalSection(SolutionConfigurationPlatforms) = preSolution
		Debug|Any CPU = Debug|Any CPU
		Release|Any CPU = Release|Any CPU
	EndGlobalSection
	GlobalSection(ProjectConfigurationPlatforms) = postSolution
		{23871B24-478A-4A81-8514-97D4394A0656}.Debug|Any CPU.ActiveCfg = Debug|Any CPU
		{23871B24-478A-4A81-8514-97D4394A0656}.Debug|Any CPU.Build.0 = Debug|Any CPU
		{23871B24-478A-4A81-8514-97D4394A0656}.Release|Any CPU.ActiveCfg = Release|Any CPU
		{23871B24-478A-4A81-8514-97D4394A0656}.Release|Any CPU.Build.0 = Release|Any CPU
		{7D4A0D60-2446-44CB-B1FE-E7208A7EB780}.Debug|Any CPU.ActiveCfg = Debug|Any CPU
		{7D4A0D60-2446-44CB-B1FE-E7208A7EB780}.Debug|Any CPU.Build.0 = Debug|Any CPU
		{7D4A0D60-2446-44CB-B1FE-E7208A7EB780}.Release|Any CPU.ActiveCfg = Release|Any CPU
		{7D4A0D60-2446-44CB-B1FE-E7208A7EB780}.Release|Any CPU.Build.0 = Release|Any CPU
		{2BC9D5D9-ED3C-4E09-804E-E924A2D4A12A}.Debug|Any CPU.ActiveCfg = Debug|Any CPU
		{2BC9D5D9-ED3C-4E09-804E-E924A2D4A12A}.Debug|Any CPU.Build.0 = Debug|Any CPU
		{2BC9D5D9-ED3C-4E09-804E-E924A2D4A12A}.Release|Any CPU.ActiveCfg = Release|Any CPU
		{2BC9D5D9-ED3C-4E09-804E-E924A2D4A12A}.Release|Any CPU.Build.0 = Release|Any CPU
		{6BFC6D9B-85EE-4BDF-B495-52EDACF1C8A3}.Debug|Any CPU.ActiveCfg = Debug|Any CPU
		{6BFC6D9B-85EE-4BDF-B495-52EDACF1C8A3}.Debug|Any CPU.Build.0 = Debug|Any CPU
		{6BFC6D9B-85EE-4BDF-B495-52EDACF1C8A3}.Release|Any CPU.ActiveCfg = Release|Any CPU
		{6BFC6D9B-85EE-4BDF-B495-52EDACF1C8A3}.Release|Any CPU.Build.0 = Release|Any CPU
		{C6F8A19B-11D0-44AC-8147-DCFD9D7C5DEB}.Debug|Any CPU.ActiveCfg = Debug|Any CPU
		{C6F8A19B-11D0-44AC-8147-DCFD9D7C5DEB}.Debug|Any CPU.Build.0 = Debug|Any CPU
		{C6F8A19B-11D0-44AC-8147-DCFD9D7C5DEB}.Release|Any CPU.ActiveCfg = Release|Any CPU
		{C6F8A19B-11D0-44AC-8147-DCFD9D7C5DEB}.Release|Any CPU.Build.0 = Release|Any CPU
		{40CC07D3-7DB4-4FD4-9036-4463A75AB4B5}.Debug|Any CPU.ActiveCfg = Debug|Any CPU
		{40CC07D3-7DB4-4FD4-9036-4463A75AB4B5}.Debug|Any CPU.Build.0 = Debug|Any CPU
		{40CC07D3-7DB4-4FD4-9036-4463A75AB4B5}.Release|Any CPU.ActiveCfg = Release|Any CPU
		{40CC07D3-7DB4-4FD4-9036-4463A75AB4B5}.Release|Any CPU.Build.0 = Release|Any CPU
		{E9AB9A34-7CFF-4923-AF52-54CAE58E8F7E}.Debug|Any CPU.ActiveCfg = Debug|Any CPU
		{E9AB9A34-7CFF-4923-AF52-54CAE58E8F7E}.Debug|Any CPU.Build.0 = Debug|Any CPU
		{E9AB9A34-7CFF-4923-AF52-54CAE58E8F7E}.Release|Any CPU.ActiveCfg = Release|Any CPU
		{E9AB9A34-7CFF-4923-AF52-54CAE58E8F7E}.Release|Any CPU.Build.0 = Release|Any CPU
	EndGlobalSection
	GlobalSection(SolutionProperties) = preSolution
		HideSolutionNode = FALSE
	EndGlobalSection
	GlobalSection(ExtensibilityGlobals) = postSolution
		SolutionGuid = {7832046F-AF89-4A77-95A8-93FD2E823C27}
	EndGlobalSection
EndGlobal
