
Microsoft Visual Studio Solution File, Format Version 12.00
# Visual Studio Version 16
VisualStudioVersion = 25.0.1705.0
MinimumVisualStudioVersion = 10.0.40219.1
Project("{FAE04EC0-301F-11D3-BF4B-00C04F79EFBC}") = "task1", "task1\task1.csproj", "{71957E68-4347-4647-A56A-51191387E78B}"
EndProject
Project("{FAE04EC0-301F-11D3-BF4B-00C04F79EFBC}") = "task2", "task2\task2.csproj", "{0264CF07-DC8C-4055-8C88-45B409E1E35F}"
EndProject
Project("{FAE04EC0-301F-11D3-BF4B-00C04F79EFBC}") = "task3", "task3\task3.csproj", "{F83A9B9C-6E71-449E-8C7A-B046922C3856}"
EndProject
Project("{FAE04EC0-301F-11D3-BF4B-00C04F79EFBC}") = "test", "test\test.csproj", "{12D51C52-BD6F-4CEA-BCCB-6F79505A7551}"
EndProject
Project("{FAE04EC0-301F-11D3-BF4B-00C04F79EFBC}") = "task4", "task4\task4.csproj", "{DAA809A1-D6A7-4EED-9B36-AF58AF4CE478}"
EndProject
Global
	GlobalSection(SolutionConfigurationPlatforms) = preSolution
		Debug|Any CPU = Debug|Any CPU
		Release|Any CPU = Release|Any CPU
	EndGlobalSection
	GlobalSection(ProjectConfigurationPlatforms) = postSolution
		{71957E68-4347-4647-A56A-51191387E78B}.Debug|Any CPU.ActiveCfg = Debug|Any CPU
		{71957E68-4347-4647-A56A-51191387E78B}.Debug|Any CPU.Build.0 = Debug|Any CPU
		{71957E68-4347-4647-A56A-51191387E78B}.Release|Any CPU.ActiveCfg = Release|Any CPU
		{71957E68-4347-4647-A56A-51191387E78B}.Release|Any CPU.Build.0 = Release|Any CPU
		{0264CF07-DC8C-4055-8C88-45B409E1E35F}.Debug|Any CPU.ActiveCfg = Debug|Any CPU
		{0264CF07-DC8C-4055-8C88-45B409E1E35F}.Debug|Any CPU.Build.0 = Debug|Any CPU
		{0264CF07-DC8C-4055-8C88-45B409E1E35F}.Release|Any CPU.ActiveCfg = Release|Any CPU
		{0264CF07-DC8C-4055-8C88-45B409E1E35F}.Release|Any CPU.Build.0 = Release|Any CPU
		{F83A9B9C-6E71-449E-8C7A-B046922C3856}.Debug|Any CPU.ActiveCfg = Debug|Any CPU
		{F83A9B9C-6E71-449E-8C7A-B046922C3856}.Debug|Any CPU.Build.0 = Debug|Any CPU
		{F83A9B9C-6E71-449E-8C7A-B046922C3856}.Release|Any CPU.ActiveCfg = Release|Any CPU
		{F83A9B9C-6E71-449E-8C7A-B046922C3856}.Release|Any CPU.Build.0 = Release|Any CPU
		{12D51C52-BD6F-4CEA-BCCB-6F79505A7551}.Debug|Any CPU.ActiveCfg = Debug|Any CPU
		{12D51C52-BD6F-4CEA-BCCB-6F79505A7551}.Debug|Any CPU.Build.0 = Debug|Any CPU
		{12D51C52-BD6F-4CEA-BCCB-6F79505A7551}.Release|Any CPU.ActiveCfg = Release|Any CPU
		{12D51C52-BD6F-4CEA-BCCB-6F79505A7551}.Release|Any CPU.Build.0 = Release|Any CPU
		{DAA809A1-D6A7-4EED-9B36-AF58AF4CE478}.Debug|Any CPU.ActiveCfg = Debug|Any CPU
		{DAA809A1-D6A7-4EED-9B36-AF58AF4CE478}.Debug|Any CPU.Build.0 = Debug|Any CPU
		{DAA809A1-D6A7-4EED-9B36-AF58AF4CE478}.Release|Any CPU.ActiveCfg = Release|Any CPU
		{DAA809A1-D6A7-4EED-9B36-AF58AF4CE478}.Release|Any CPU.Build.0 = Release|Any CPU
	EndGlobalSection
	GlobalSection(SolutionProperties) = preSolution
		HideSolutionNode = FALSE
	EndGlobalSection
	GlobalSection(ExtensibilityGlobals) = postSolution
		SolutionGuid = {40BDFBD0-64AB-4F6E-AA49-B4031C898C45}
	EndGlobalSection
EndGlobal
