
Microsoft Visual Studio Solution File, Format Version 12.00
# Visual Studio Version 16
VisualStudioVersion = 25.0.1704.4
MinimumVisualStudioVersion = 10.0.40219.1
Project("{FAE04EC0-301F-11D3-BF4B-00C04F79EFBC}") = "task0", "task0\task0.csproj", "{2C80D2DC-20EE-4FFB-A566-D0DF0BAE141B}"
EndProject
Project("{FAE04EC0-301F-11D3-BF4B-00C04F79EFBC}") = "task1", "task1\task1.csproj", "{C85E40C9-978E-49B9-956B-6D602CC11CF0}"
EndProject
Project("{FAE04EC0-301F-11D3-BF4B-00C04F79EFBC}") = "task3", "task3\task3.csproj", "{46848DE8-AB43-43FC-BFB1-71DC513E02F5}"
EndProject
Project("{FAE04EC0-301F-11D3-BF4B-00C04F79EFBC}") = "task4", "task4\task4.csproj", "{FF7E9875-9D1A-4607-9B1A-8FD560FBF72A}"
EndProject
Project("{FAE04EC0-301F-11D3-BF4B-00C04F79EFBC}") = "task5", "task5\task5.csproj", "{1B43F5CA-35F4-407D-B19D-6C77A8F77C1D}"
EndProject
Project("{FAE04EC0-301F-11D3-BF4B-00C04F79EFBC}") = "task6", "task6\task6.csproj", "{642DB655-272F-4FAE-8DBD-705B6EA723C6}"
EndProject
Project("{FAE04EC0-301F-11D3-BF4B-00C04F79EFBC}") = "task7", "task7\task7.csproj", "{DB9ECEA3-6581-4AA1-A7B0-5383B5F38BF2}"
EndProject
Project("{FAE04EC0-301F-11D3-BF4B-00C04F79EFBC}") = "task8", "task8\task8.csproj", "{AAAA209C-6446-4BB3-98BD-9B4751A19154}"
EndProject
Global
	GlobalSection(SolutionConfigurationPlatforms) = preSolution
		Debug|Any CPU = Debug|Any CPU
		Release|Any CPU = Release|Any CPU
	EndGlobalSection
	GlobalSection(ProjectConfigurationPlatforms) = postSolution
		{2C80D2DC-20EE-4FFB-A566-D0DF0BAE141B}.Debug|Any CPU.ActiveCfg = Debug|Any CPU
		{2C80D2DC-20EE-4FFB-A566-D0DF0BAE141B}.Debug|Any CPU.Build.0 = Debug|Any CPU
		{2C80D2DC-20EE-4FFB-A566-D0DF0BAE141B}.Release|Any CPU.ActiveCfg = Release|Any CPU
		{2C80D2DC-20EE-4FFB-A566-D0DF0BAE141B}.Release|Any CPU.Build.0 = Release|Any CPU
		{C85E40C9-978E-49B9-956B-6D602CC11CF0}.Debug|Any CPU.ActiveCfg = Debug|Any CPU
		{C85E40C9-978E-49B9-956B-6D602CC11CF0}.Debug|Any CPU.Build.0 = Debug|Any CPU
		{C85E40C9-978E-49B9-956B-6D602CC11CF0}.Release|Any CPU.ActiveCfg = Release|Any CPU
		{C85E40C9-978E-49B9-956B-6D602CC11CF0}.Release|Any CPU.Build.0 = Release|Any CPU
		{46848DE8-AB43-43FC-BFB1-71DC513E02F5}.Debug|Any CPU.ActiveCfg = Debug|Any CPU
		{46848DE8-AB43-43FC-BFB1-71DC513E02F5}.Debug|Any CPU.Build.0 = Debug|Any CPU
		{46848DE8-AB43-43FC-BFB1-71DC513E02F5}.Release|Any CPU.ActiveCfg = Release|Any CPU
		{46848DE8-AB43-43FC-BFB1-71DC513E02F5}.Release|Any CPU.Build.0 = Release|Any CPU
		{FF7E9875-9D1A-4607-9B1A-8FD560FBF72A}.Debug|Any CPU.ActiveCfg = Debug|Any CPU
		{FF7E9875-9D1A-4607-9B1A-8FD560FBF72A}.Debug|Any CPU.Build.0 = Debug|Any CPU
		{FF7E9875-9D1A-4607-9B1A-8FD560FBF72A}.Release|Any CPU.ActiveCfg = Release|Any CPU
		{FF7E9875-9D1A-4607-9B1A-8FD560FBF72A}.Release|Any CPU.Build.0 = Release|Any CPU
		{1B43F5CA-35F4-407D-B19D-6C77A8F77C1D}.Debug|Any CPU.ActiveCfg = Debug|Any CPU
		{1B43F5CA-35F4-407D-B19D-6C77A8F77C1D}.Debug|Any CPU.Build.0 = Debug|Any CPU
		{1B43F5CA-35F4-407D-B19D-6C77A8F77C1D}.Release|Any CPU.ActiveCfg = Release|Any CPU
		{1B43F5CA-35F4-407D-B19D-6C77A8F77C1D}.Release|Any CPU.Build.0 = Release|Any CPU
		{642DB655-272F-4FAE-8DBD-705B6EA723C6}.Debug|Any CPU.ActiveCfg = Debug|Any CPU
		{642DB655-272F-4FAE-8DBD-705B6EA723C6}.Debug|Any CPU.Build.0 = Debug|Any CPU
		{642DB655-272F-4FAE-8DBD-705B6EA723C6}.Release|Any CPU.ActiveCfg = Release|Any CPU
		{642DB655-272F-4FAE-8DBD-705B6EA723C6}.Release|Any CPU.Build.0 = Release|Any CPU
		{DB9ECEA3-6581-4AA1-A7B0-5383B5F38BF2}.Debug|Any CPU.ActiveCfg = Debug|Any CPU
		{DB9ECEA3-6581-4AA1-A7B0-5383B5F38BF2}.Debug|Any CPU.Build.0 = Debug|Any CPU
		{DB9ECEA3-6581-4AA1-A7B0-5383B5F38BF2}.Release|Any CPU.ActiveCfg = Release|Any CPU
		{DB9ECEA3-6581-4AA1-A7B0-5383B5F38BF2}.Release|Any CPU.Build.0 = Release|Any CPU
		{AAAA209C-6446-4BB3-98BD-9B4751A19154}.Debug|Any CPU.ActiveCfg = Debug|Any CPU
		{AAAA209C-6446-4BB3-98BD-9B4751A19154}.Debug|Any CPU.Build.0 = Debug|Any CPU
		{AAAA209C-6446-4BB3-98BD-9B4751A19154}.Release|Any CPU.ActiveCfg = Release|Any CPU
		{AAAA209C-6446-4BB3-98BD-9B4751A19154}.Release|Any CPU.Build.0 = Release|Any CPU
	EndGlobalSection
	GlobalSection(SolutionProperties) = preSolution
		HideSolutionNode = FALSE
	EndGlobalSection
	GlobalSection(ExtensibilityGlobals) = postSolution
		SolutionGuid = {86C66C5D-4DA5-49EF-9503-88A844518222}
	EndGlobalSection
EndGlobal
