
Microsoft Visual Studio Solution File, Format Version 12.00
Project("{FAE04EC0-301F-11D3-BF4B-00C04F79EFBC}") = "task1", "task1\task1.csproj", "{B135E238-8CCD-4C87-AC6B-ACE7F0380A63}"
EndProject
Project("{FAE04EC0-301F-11D3-BF4B-00C04F79EFBC}") = "task2", "task2\task2.csproj", "{F5A5F090-AB75-4A37-968C-E65D4D7A0A1A}"
EndProject
Project("{FAE04EC0-301F-11D3-BF4B-00C04F79EFBC}") = "task3", "task3\task3.csproj", "{26F39BC3-A6A2-4AC1-A083-60D317020747}"
EndProject
Project("{FAE04EC0-301F-11D3-BF4B-00C04F79EFBC}") = "task4", "task4\task4.csproj", "{AF2A64A6-DC97-4EB1-925E-BB502D0A398B}"
EndProject
Project("{FAE04EC0-301F-11D3-BF4B-00C04F79EFBC}") = "task5", "task5\task5.csproj", "{5D9F7228-5C53-46D4-BA45-B63C1B4EF829}"
EndProject
Global
	GlobalSection(SolutionConfigurationPlatforms) = preSolution
		Debug|Any CPU = Debug|Any CPU
		Release|Any CPU = Release|Any CPU
	EndGlobalSection
	GlobalSection(ProjectConfigurationPlatforms) = postSolution
		{B135E238-8CCD-4C87-AC6B-ACE7F0380A63}.Debug|Any CPU.ActiveCfg = Debug|Any CPU
		{B135E238-8CCD-4C87-AC6B-ACE7F0380A63}.Debug|Any CPU.Build.0 = Debug|Any CPU
		{B135E238-8CCD-4C87-AC6B-ACE7F0380A63}.Release|Any CPU.ActiveCfg = Release|Any CPU
		{B135E238-8CCD-4C87-AC6B-ACE7F0380A63}.Release|Any CPU.Build.0 = Release|Any CPU
		{F5A5F090-AB75-4A37-968C-E65D4D7A0A1A}.Debug|Any CPU.ActiveCfg = Debug|Any CPU
		{F5A5F090-AB75-4A37-968C-E65D4D7A0A1A}.Debug|Any CPU.Build.0 = Debug|Any CPU
		{F5A5F090-AB75-4A37-968C-E65D4D7A0A1A}.Release|Any CPU.ActiveCfg = Release|Any CPU
		{F5A5F090-AB75-4A37-968C-E65D4D7A0A1A}.Release|Any CPU.Build.0 = Release|Any CPU
		{26F39BC3-A6A2-4AC1-A083-60D317020747}.Debug|Any CPU.ActiveCfg = Debug|Any CPU
		{26F39BC3-A6A2-4AC1-A083-60D317020747}.Debug|Any CPU.Build.0 = Debug|Any CPU
		{26F39BC3-A6A2-4AC1-A083-60D317020747}.Release|Any CPU.ActiveCfg = Release|Any CPU
		{26F39BC3-A6A2-4AC1-A083-60D317020747}.Release|Any CPU.Build.0 = Release|Any CPU
		{AF2A64A6-DC97-4EB1-925E-BB502D0A398B}.Debug|Any CPU.ActiveCfg = Debug|Any CPU
		{AF2A64A6-DC97-4EB1-925E-BB502D0A398B}.Debug|Any CPU.Build.0 = Debug|Any CPU
		{AF2A64A6-DC97-4EB1-925E-BB502D0A398B}.Release|Any CPU.ActiveCfg = Release|Any CPU
		{AF2A64A6-DC97-4EB1-925E-BB502D0A398B}.Release|Any CPU.Build.0 = Release|Any CPU
		{5D9F7228-5C53-46D4-BA45-B63C1B4EF829}.Debug|Any CPU.ActiveCfg = Debug|Any CPU
		{5D9F7228-5C53-46D4-BA45-B63C1B4EF829}.Debug|Any CPU.Build.0 = Debug|Any CPU
		{5D9F7228-5C53-46D4-BA45-B63C1B4EF829}.Release|Any CPU.ActiveCfg = Release|Any CPU
		{5D9F7228-5C53-46D4-BA45-B63C1B4EF829}.Release|Any CPU.Build.0 = Release|Any CPU
	EndGlobalSection
EndGlobal
