
Microsoft Visual Studio Solution File, Format Version 12.00
Project("{FAE04EC0-301F-11D3-BF4B-00C04F79EFBC}") = "task1", "task1\task1.csproj", "{B135E238-8CCD-4C87-AC6B-ACE7F0380A63}"
EndProject
Global
	GlobalSection(SolutionConfigurationPlatforms) = preSolution
		Debug|Any CPU = Debug|Any CPU
		Release|Any CPU = Release|Any CPU
	EndGlobalSection
	GlobalSection(ProjectConfigurationPlatforms) = postSolution
		{B135E238-8CCD-4C87-AC6B-ACE7F0380A63}.Debug|Any CPU.ActiveCfg = Debug|Any CPU
		{B135E238-8CCD-4C87-AC6B-ACE7F0380A63}.Debug|Any CPU.Build.0 = Debug|Any CPU
		{B135E238-8CCD-4C87-AC6B-ACE7F0380A63}.Release|Any CPU.ActiveCfg = Release|Any CPU
		{B135E238-8CCD-4C87-AC6B-ACE7F0380A63}.Release|Any CPU.Build.0 = Release|Any CPU
	EndGlobalSection
EndGlobal
