
Microsoft Visual Studio Solution File, Format Version 12.00
# Visual Studio Version 16
VisualStudioVersion = 25.0.1704.3
MinimumVisualStudioVersion = 10.0.40219.1
Project("{FAE04EC0-301F-11D3-BF4B-00C04F79EFBC}") = "given", "given\given.csproj", "{826EB876-698F-4DB4-AA60-8A3456BEF6B4}"
EndProject
Project("{FAE04EC0-301F-11D3-BF4B-00C04F79EFBC}") = "task3", "task3\task3.csproj", "{8D1D6FCB-F3E3-4A8E-BC3B-882D6009ADE3}"
EndProject
Project("{FAE04EC0-301F-11D3-BF4B-00C04F79EFBC}") = "task4", "task4\task4.csproj", "{54992515-2B80-4FCF-ABA0-4E86FCDFBD8F}"
EndProject
Project("{FAE04EC0-301F-11D3-BF4B-00C04F79EFBC}") = "task5", "task5\task5.csproj", "{E6B83C2A-684D-4012-B1AF-BFE3D8046381}"
EndProject
Global
	GlobalSection(SolutionConfigurationPlatforms) = preSolution
		Debug|Any CPU = Debug|Any CPU
		Release|Any CPU = Release|Any CPU
	EndGlobalSection
	GlobalSection(ProjectConfigurationPlatforms) = postSolution
		{826EB876-698F-4DB4-AA60-8A3456BEF6B4}.Debug|Any CPU.ActiveCfg = Debug|Any CPU
		{826EB876-698F-4DB4-AA60-8A3456BEF6B4}.Debug|Any CPU.Build.0 = Debug|Any CPU
		{826EB876-698F-4DB4-AA60-8A3456BEF6B4}.Release|Any CPU.ActiveCfg = Release|Any CPU
		{826EB876-698F-4DB4-AA60-8A3456BEF6B4}.Release|Any CPU.Build.0 = Release|Any CPU
		{8D1D6FCB-F3E3-4A8E-BC3B-882D6009ADE3}.Debug|Any CPU.ActiveCfg = Debug|Any CPU
		{8D1D6FCB-F3E3-4A8E-BC3B-882D6009ADE3}.Debug|Any CPU.Build.0 = Debug|Any CPU
		{8D1D6FCB-F3E3-4A8E-BC3B-882D6009ADE3}.Release|Any CPU.ActiveCfg = Release|Any CPU
		{8D1D6FCB-F3E3-4A8E-BC3B-882D6009ADE3}.Release|Any CPU.Build.0 = Release|Any CPU
		{54992515-2B80-4FCF-ABA0-4E86FCDFBD8F}.Debug|Any CPU.ActiveCfg = Debug|Any CPU
		{54992515-2B80-4FCF-ABA0-4E86FCDFBD8F}.Debug|Any CPU.Build.0 = Debug|Any CPU
		{54992515-2B80-4FCF-ABA0-4E86FCDFBD8F}.Release|Any CPU.ActiveCfg = Release|Any CPU
		{54992515-2B80-4FCF-ABA0-4E86FCDFBD8F}.Release|Any CPU.Build.0 = Release|Any CPU
		{E6B83C2A-684D-4012-B1AF-BFE3D8046381}.Debug|Any CPU.ActiveCfg = Debug|Any CPU
		{E6B83C2A-684D-4012-B1AF-BFE3D8046381}.Debug|Any CPU.Build.0 = Debug|Any CPU
		{E6B83C2A-684D-4012-B1AF-BFE3D8046381}.Release|Any CPU.ActiveCfg = Release|Any CPU
		{E6B83C2A-684D-4012-B1AF-BFE3D8046381}.Release|Any CPU.Build.0 = Release|Any CPU
	EndGlobalSection
	GlobalSection(SolutionProperties) = preSolution
		HideSolutionNode = FALSE
	EndGlobalSection
	GlobalSection(ExtensibilityGlobals) = postSolution
		SolutionGuid = {2BD7F08F-F1B0-41E6-8372-B3009A7B3F60}
	EndGlobalSection
EndGlobal
